Microsoft Visual Studio Solution File, Format Version 12.00
# Visual Studio Version 17
VisualStudioVersion = 17.5.2.0
MinimumVisualStudioVersion = 10.0.40219.1
Project("{2150E333-8FDC-42A3-9474-1A3956D46DE8}") = "src", "src", "{827E0CD3-B72D-47B6-A68D-7590B98EB39B}"
EndProject
Project("{FAE04EC0-301F-11D3-BF4B-00C04F79EFBC}") = "AmarTools.BuildingBlocks", "src\AmarTools.BuildingBlocks\AmarTools.BuildingBlocks.csproj", "{89B15350-8631-420B-23EB-8083C8515580}"
EndProject
Project("{FAE04EC0-301F-11D3-BF4B-00C04F79EFBC}") = "AmarTools.Domain", "src\AmarTools.Domain\AmarTools.Domain.csproj", "{B1552645-7003-B7EA-5F4A-A5B75645D1DF}"
EndProject
Project("{FAE04EC0-301F-11D3-BF4B-00C04F79EFBC}") = "AmarTools.Infrastructure", "src\AmarTools.Infrastructure\AmarTools.Infrastructure.csproj", "{48199999-CBD3-3C30-8DDC-57C8CAF4CEF2}"
EndProject
Project("{FAE04EC0-301F-11D3-BF4B-00C04F79EFBC}") = "AmarTools.Web", "src\AmarTools.Web\AmarTools.Web.csproj", "{3F12A69A-EB40-0582-6622-1C1ED70F6D96}"
EndProject
Project("{2150E333-8FDC-42A3-9474-1A3956D46DE8}") = "Modules", "Modules", "{EC447DCF-ABFA-6E24-52A5-D7FD48A5C558}"
EndProject
Project("{2150E333-8FDC-42A3-9474-1A3956D46DE8}") = "Auth", "Auth", "{E9D55F35-C373-3DD8-6914-3213F2F582A2}"
EndProject
Project("{FAE04EC0-301F-11D3-BF4B-00C04F79EFBC}") = "AmarTools.Modules.Auth", "src\Modules\Auth\AmarTools.Modules.Auth.csproj", "{DF534875-5179-3440-8BA2-B89F91550C54}"
EndProject
Project("{2150E333-8FDC-42A3-9474-1A3956D46DE8}") = "CertificateGenerator", "CertificateGenerator", "{BAE877D6-917B-C6A6-1859-59D61CBD8CD2}"
EndProject
Project("{FAE04EC0-301F-11D3-BF4B-00C04F79EFBC}") = "AmarTools.Modules.CertificateGenerator", "src\Modules\CertificateGenerator\AmarTools.Modules.CertificateGenerator.csproj", "{4FD4A912-4081-DAC5-4D29-C5930B016524}"
EndProject
Project("{2150E333-8FDC-42A3-9474-1A3956D46DE8}") = "Dashboard", "Dashboard", "{9BF2A726-9349-1429-64E4-F5B69F0CD98D}"
EndProject
Project("{FAE04EC0-301F-11D3-BF4B-00C04F79EFBC}") = "AmarTools.Modules.Dashboard", "src\Modules\Dashboard\AmarTools.Modules.Dashboard.csproj", "{E07B7E35-5088-ABA1-8CE7-7090A1AB9E54}"
EndProject
Project("{2150E333-8FDC-42A3-9474-1A3956D46DE8}") = "PhotoFrame", "PhotoFrame", "{85CA6F7D-3BA5-C6AB-5DB6-999B347BB7EC}"
EndProject
Project("{FAE04EC0-301F-11D3-BF4B-00C04F79EFBC}") = "AmarTools.Modules.PhotoFrame", "src\Modules\PhotoFrame\AmarTools.Modules.PhotoFrame.csproj", "{B33D2834-B41B-8A82-86CD-2499E2BC4F1E}"
EndProject
Global
	GlobalSection(SolutionConfigurationPlatforms) = preSolution
		Debug|Any CPU = Debug|Any CPU
		Release|Any CPU = Release|Any CPU
	EndGlobalSection
	GlobalSection(ProjectConfigurationPlatforms) = postSolution
		{89B15350-8631-420B-23EB-8083C8515580}.Debug|Any CPU.ActiveCfg = Debug|Any CPU
		{89B15350-8631-420B-23EB-8083C8515580}.Debug|Any CPU.Build.0 = Debug|Any CPU
		{89B15350-8631-420B-23EB-8083C8515580}.Release|Any CPU.ActiveCfg = Release|Any CPU
		{89B15350-8631-420B-23EB-8083C8515580}.Release|Any CPU.Build.0 = Release|Any CPU
		{B1552645-7003-B7EA-5F4A-A5B75645D1DF}.Debug|Any CPU.ActiveCfg = Debug|Any CPU
		{B1552645-7003-B7EA-5F4A-A5B75645D1DF}.Debug|Any CPU.Build.0 = Debug|Any CPU
		{B1552645-7003-B7EA-5F4A-A5B75645D1DF}.Release|Any CPU.ActiveCfg = Release|Any CPU
		{B1552645-7003-B7EA-5F4A-A5B75645D1DF}.Release|Any CPU.Build.0 = Release|Any CPU
		{48199999-CBD3-3C30-8DDC-57C8CAF4CEF2}.Debug|Any CPU.ActiveCfg = Debug|Any CPU
		{48199999-CBD3-3C30-8DDC-57C8CAF4CEF2}.Debug|Any CPU.Build.0 = Debug|Any CPU
		{48199999-CBD3-3C30-8DDC-57C8CAF4CEF2}.Release|Any CPU.ActiveCfg = Release|Any CPU
		{48199999-CBD3-3C30-8DDC-57C8CAF4CEF2}.Release|Any CPU.Build.0 = Release|Any CPU
		{3F12A69A-EB40-0582-6622-1C1ED70F6D96}.Debug|Any CPU.ActiveCfg = Debug|Any CPU
		{3F12A69A-EB40-0582-6622-1C1ED70F6D96}.Debug|Any CPU.Build.0 = Debug|Any CPU
		{3F12A69A-EB40-0582-6622-1C1ED70F6D96}.Release|Any CPU.ActiveCfg = Release|Any CPU
		{3F12A69A-EB40-0582-6622-1C1ED70F6D96}.Release|Any CPU.Build.0 = Release|Any CPU
		{DF534875-5179-3440-8BA2-B89F91550C54}.Debug|Any CPU.ActiveCfg = Debug|Any CPU
		{DF534875-5179-3440-8BA2-B89F91550C54}.Debug|Any CPU.Build.0 = Debug|Any CPU
		{DF534875-5179-3440-8BA2-B89F91550C54}.Release|Any CPU.ActiveCfg = Release|Any CPU
		{DF534875-5179-3440-8BA2-B89F91550C54}.Release|Any CPU.Build.0 = Release|Any CPU
		{4FD4A912-4081-DAC5-4D29-C5930B016524}.Debug|Any CPU.ActiveCfg = Debug|Any CPU
		{4FD4A912-4081-DAC5-4D29-C5930B016524}.Debug|Any CPU.Build.0 = Debug|Any CPU
		{4FD4A912-4081-DAC5-4D29-C5930B016524}.Release|Any CPU.ActiveCfg = Release|Any CPU
		{4FD4A912-4081-DAC5-4D29-C5930B016524}.Release|Any CPU.Build.0 = Release|Any CPU
		{E07B7E35-5088-ABA1-8CE7-7090A1AB9E54}.Debug|Any CPU.ActiveCfg = Debug|Any CPU
		{E07B7E35-5088-ABA1-8CE7-7090A1AB9E54}.Debug|Any CPU.Build.0 = Debug|Any CPU
		{E07B7E35-5088-ABA1-8CE7-7090A1AB9E54}.Release|Any CPU.ActiveCfg = Release|Any CPU
		{E07B7E35-5088-ABA1-8CE7-7090A1AB9E54}.Release|Any CPU.Build.0 = Release|Any CPU
		{B33D2834-B41B-8A82-86CD-2499E2BC4F1E}.Debug|Any CPU.ActiveCfg = Debug|Any CPU
		{B33D2834-B41B-8A82-86CD-2499E2BC4F1E}.Debug|Any CPU.Build.0 = Debug|Any CPU
		{B33D2834-B41B-8A82-86CD-2499E2BC4F1E}.Release|Any CPU.ActiveCfg = Release|Any CPU
		{B33D2834-B41B-8A82-86CD-2499E2BC4F1E}.Release|Any CPU.Build.0 = Release|Any CPU
	EndGlobalSection
	GlobalSection(SolutionProperties) = preSolution
		HideSolutionNode = FALSE
	EndGlobalSection
	GlobalSection(NestedProjects) = preSolution
		{89B15350-8631-420B-23EB-8083C8515580} = {827E0CD3-B72D-47B6-A68D-7590B98EB39B}
		{B1552645-7003-B7EA-5F4A-A5B75645D1DF} = {827E0CD3-B72D-47B6-A68D-7590B98EB39B}
		{48199999-CBD3-3C30-8DDC-57C8CAF4CEF2} = {827E0CD3-B72D-47B6-A68D-7590B98EB39B}
		{3F12A69A-EB40-0582-6622-1C1ED70F6D96} = {827E0CD3-B72D-47B6-A68D-7590B98EB39B}
		{EC447DCF-ABFA-6E24-52A5-D7FD48A5C558} = {827E0CD3-B72D-47B6-A68D-7590B98EB39B}
		{E9D55F35-C373-3DD8-6914-3213F2F582A2} = {EC447DCF-ABFA-6E24-52A5-D7FD48A5C558}
		{DF534875-5179-3440-8BA2-B89F91550C54} = {E9D55F35-C373-3DD8-6914-3213F2F582A2}
		{BAE877D6-917B-C6A6-1859-59D61CBD8CD2} = {EC447DCF-ABFA-6E24-52A5-D7FD48A5C558}
		{4FD4A912-4081-DAC5-4D29-C5930B016524} = {BAE877D6-917B-C6A6-1859-59D61CBD8CD2}
		{9BF2A726-9349-1429-64E4-F5B69F0CD98D} = {EC447DCF-ABFA-6E24-52A5-D7FD48A5C558}
		{E07B7E35-5088-ABA1-8CE7-7090A1AB9E54} = {9BF2A726-9349-1429-64E4-F5B69F0CD98D}
		{85CA6F7D-3BA5-C6AB-5DB6-999B347BB7EC} = {EC447DCF-ABFA-6E24-52A5-D7FD48A5C558}
		{B33D2834-B41B-8A82-86CD-2499E2BC4F1E} = {85CA6F7D-3BA5-C6AB-5DB6-999B347BB7EC}
	EndGlobalSection
	GlobalSection(ExtensibilityGlobals) = postSolution
		SolutionGuid = {88636957-7F39-4257-A364-323F68FB9C5A}
	EndGlobalSection
EndGlobal
